github.com/zhangdapeng520/zdpgo_cache_http v0.1.1 h1:c+aGq+spyqvq3yYe3Pwf0e3xRrJKyIyosYXhhrphtbw=
github.com/zhangdapeng520/zdpgo_cache_http v0.1.1/go.mod h1:h1kcAur/cCkWBYzBxJFXrafyst/7qqbSzjAD4tkvaO4=
github.com/zhangdapeng520/zdpgo_email v1.1.6 h1:Lffu2dA05PoNmiPLnflKOBJ5Vknl0l0ezcvWI+7/mwU=
github.com/zhangdapeng520/zdpgo_email v1.1.6/go.mod h1:pYVSXaMw3wOXn/kSeNjwrTyMSvQ951sA2/iy3xGlXNQ=
github.com/zhangdapeng520/zdpgo_file v1.0.6 h1:AzM4x+dOKKo3Hsw3iULvdeyLlHvKrAn+CfNi74BfdUU=
github.com/zhangdapeng520/zdpgo_file v1.0.6/go.mod h1:hOQvYtMA1GQm5R/0cIK2vEwL4qybldZ+uEpd3n5NDsM=
github.com/zhangdapeng520/zdpgo_json v0.1.2 h1:E5Zf0VpTFZP5VrVGQqp7nvYsOQhDhIg2vQEkjldwlJc=
github.com/zhangdapeng520/zdpgo_json v0.1.2/go.mod h1:ArbXlMRMsWO+3bIobPaYK/P86yYrefnQLro0/QgHWS4=
github.com/zhangdapeng520/zdpgo_password v1.2.9 h1:M9ZitYyAYYaQnUpXHRrYvk20moj76K0yyNyBeTbWGY4=
github.com/zhangdapeng520/zdpgo_password v1.2.9/go.mod h1:KcXzy1L5qiFv6xPFIODhZSyvjqIURHy3ePNI3priYyE=
github.com/zhangdapeng520/zdpgo_random v1.2.0 h1:oOZpqb5jAnsUWZrs7tvO5XZ5krzmvtS5nkLpn+xj3XI=
github.com/zhangdapeng520/zdpgo_random v1.2.0/go.mod h1:y+0kOD5LOGVbukBT+Acfr3Pym9V/dfZC/uGcrpfRhs0=
github.com/zhangdapeng520/zdpgo_requests v0.5.7 h1:sVss1yMEFHyq027zdhHn/bxQOhQGsfvVw+Y8HsVn3t4=
github.com/zhangdapeng520/zdpgo_requests v0.5.7/go.mod h1:+FoqUOc9Lmc+ErRUGw1Y2N6iFVDxn52mTPNQF9AELJc=
github.com/zhangdapeng520/zdpgo_yaml v0.1.0 h1:tIbAnMXH/voigfAjNiclM4nlQcbZzutNlI5Jk+37tjE=
github.com/zhangdapeng520/zdpgo_yaml v0.1.0/go.mod h1:bsPOffw0/qvTmaukVBeZe/Mvui9fxa9+0sbhzB/04Ls=
